{
  "name": "project-argus-extension",
  "version": "5.3.0",
  "lockfileVersion": 3,
  "requires": true,
  "packages": {
    "": {
      "name": "project-argus-extension",
      "version": "5.3.0",
      "optionalDependencies": {
        "playwright": "file:vendor/playwright-1.61.1.tgz",
        "playwright-core": "file:vendor/playwright-core-1.61.1.tgz"
      }
    },
    "node_modules/playwright": {
      "version": "1.61.1",
      "resolved": "file:vendor/playwright-1.61.1.tgz",
      "integrity": "sha512-DWnY5o3YbLWK4GovuAVwpqL+1VwGNdUGrRr++8j8PtQQzvAVZUIMjKQ90fY689sEJZJBbZVw1rXaOKSTitkzPQ==",
      "license": "Apache-2.0",
      "optional": true,
      "dependencies": {
        "playwright-core": "1.61.1"
      },
      "bin": {
        "playwright": "cli.js"
      },
      "engines": {
        "node": ">=18"
      },
      "optionalDependencies": {
        "fsevents": "2.3.2"
      }
    },
    "node_modules/playwright-core": {
      "version": "1.61.1",
      "resolved": "file:vendor/playwright-core-1.61.1.tgz",
      "integrity": "sha512-eXLyNx/VKh71UqR17ElHOmatbFgHkuan3xXEpKJ9Nd54cpspJTTtrABDa9KtfDw1TzDLFLpKggj55QZWnhCjtA==",
      "license": "Apache-2.0",
      "optional": true,
      "bin": {
        "playwright-core": "cli.js"
      },
      "engines": {
        "node": ">=18"
      }
    },
    "node_modules/playwright/node_modules/fsevents": {
      "optional": true
    }
  }
}
